{
    "_meta": {
        "hash": {
            "sha256": "5887ede9a2883554d028734adb349094b05ba47f63fef5d92df440ae1d1f738a"
        },
        "host-environment-markers": {
            "implementation_name": "cpython",
            "implementation_version": "0",
            "os_name": "posix",
            "platform_machine": "armv7l",
            "platform_python_implementation": "CPython",
            "platform_release": "4.9.59-v7+",
            "platform_system": "Linux",
            "platform_version": "#1047 SMP Sun Oct 29 12:19:23 GMT 2017",
            "python_full_version": "2.7.13",
            "python_version": "2.7",
            "sys_platform": "linux2"
        },
        "pipfile-spec": 6,
        "requires": {},
        "sources": [
            {
                "name": "pypi",
                "url": "https://pypi.python.org/simple",
                "verify_ssl": true
            }
        ]
    },
    "default": {
        "adafruit-dht": {
            "git": "https://github.com/adafruit/Adafruit_Python_DHT.git"
        },
        "max7219": {
            "hashes": [
                "sha256:52fb30fd90d593ecc4c47daca23eae96d2ca86aa40d55438375ddf4393147417"
            ],
            "version": "==0.2.3"
        },
        "spidev": {
            "hashes": [
                "sha256:09d2b5122f0dd79910713a11f9a0020f71537224bf829916def4fffc0ea59456"
            ],
            "version": "==3.2"
        }
    },
    "develop": {}
}
